
Microsoft Visual Studio Solution File, Format Version 12.00
# Visual Studio Version 16
VisualStudioVersion = 16.0.37627.13
MinimumVisualStudioVersion = 10.0.40219.1
Project("{FAE04EC0-301F-11D3-BF4B-00C04F79EFBC}") = "OOP", "OOP\OOP.csproj", "{A3951594-1753-4C84-ACD4-69C1A5F5376F}"
EndProject
Global
	GlobalSection(SolutionConfigurationPlatforms) = preSolution
		Debug|Any CPU = Debug|Any CPU
		Release|Any CPU = Release|Any CPU
	EndGlobalSection
	GlobalSection(ProjectConfigurationPlatforms) = postSolution
		{A3951594-1753-4C84-ACD4-69C1A5F5376F}.Debug|Any CPU.ActiveCfg = Debug|Any CPU
		{A3951594-1753-4C84-ACD4-69C1A5F5376F}.Debug|Any CPU.Build.0 = Debug|Any CPU
		{A3951594-1753-4C84-ACD4-69C1A5F5376F}.Release|Any CPU.ActiveCfg = Release|Any CPU
		{A3951594-1753-4C84-ACD4-69C1A5F5376F}.Release|Any CPU.Build.0 = Release|Any CPU
	EndGlobalSection
	GlobalSection(SolutionProperties) = preSolution
		HideSolutionNode = FALSE
	EndGlobalSection
	GlobalSection(ExtensibilityGlobals) = postSolution
		SolutionGuid = {A40D5870-78EA-4C64-9A23-54D5C8C3C572}
	EndGlobalSection
EndGlobal
