
Microsoft Visual Studio Solution File, Format Version 12.00
# Visual Studio Version 16
VisualStudioVersion = 16.0.37627.13
MinimumVisualStudioVersion = 10.0.40219.1
Project("{FAE04EC0-301F-11D3-BF4B-00C04F79EFBC}") = "WINFORMS_GUI", "WINFORMS_GUI\WINFORMS_GUI.csproj", "{616F6541-5C46-4834-9A49-59EF8573015E}"
EndProject
Global
	GlobalSection(SolutionConfigurationPlatforms) = preSolution
		Debug|Any CPU = Debug|Any CPU
		Release|Any CPU = Release|Any CPU
	EndGlobalSection
	GlobalSection(ProjectConfigurationPlatforms) = postSolution
		{616F6541-5C46-4834-9A49-59EF8573015E}.Debug|Any CPU.ActiveCfg = Debug|Any CPU
		{616F6541-5C46-4834-9A49-59EF8573015E}.Debug|Any CPU.Build.0 = Debug|Any CPU
		{616F6541-5C46-4834-9A49-59EF8573015E}.Release|Any CPU.ActiveCfg = Release|Any CPU
		{616F6541-5C46-4834-9A49-59EF8573015E}.Release|Any CPU.Build.0 = Release|Any CPU
	EndGlobalSection
	GlobalSection(SolutionProperties) = preSolution
		HideSolutionNode = FALSE
	EndGlobalSection
	GlobalSection(ExtensibilityGlobals) = postSolution
		SolutionGuid = {84B1DB66-ACE0-44A0-981B-934295E1C86B}
	EndGlobalSection
EndGlobal
